{
  "name": "coursach",
  "lockfileVersion": 2,
  "requires": true,
  "packages": {
    "": {
      "dependencies": {
        "active_material": "^2.0.1"
      }
    },
    "node_modules/@fontsource/roboto": {
      "version": "4.5.8",
      "resolved": "https://registry.npmjs.org/@fontsource/roboto/-/roboto-4.5.8.tgz",
      "integrity": "sha512-CnD7zLItIzt86q4Sj3kZUiLcBk1dSk81qcqgMGaZe7SQ1P8hFNxhMl5AZthK1zrDM5m74VVhaOpuMGIL4gagaA=="
    },
    "node_modules/active_material": {
      "version": "2.0.1",
      "resolved": "https://registry.npmjs.org/active_material/-/active_material-2.0.1.tgz",
      "integrity": "sha512-u/fb2UJZbLUg2uAXgPKg0b2a7fRcRhenfRjlKF3KG92YNJuveLQZiDNOg35wFLT9E0njcWOBk5XfZbTuJsnU0g==",
      "dependencies": {
        "@fontsource/roboto": "^4.5.3"
      }
    }
  },
  "dependencies": {
    "@fontsource/roboto": {
      "version": "4.5.8",
      "resolved": "https://registry.npmjs.org/@fontsource/roboto/-/roboto-4.5.8.tgz",
      "integrity": "sha512-CnD7zLItIzt86q4Sj3kZUiLcBk1dSk81qcqgMGaZe7SQ1P8hFNxhMl5AZthK1zrDM5m74VVhaOpuMGIL4gagaA=="
    },
    "active_material": {
      "version": "2.0.1",
      "resolved": "https://registry.npmjs.org/active_material/-/active_material-2.0.1.tgz",
      "integrity": "sha512-u/fb2UJZbLUg2uAXgPKg0b2a7fRcRhenfRjlKF3KG92YNJuveLQZiDNOg35wFLT9E0njcWOBk5XfZbTuJsnU0g==",
      "requires": {
        "@fontsource/roboto": "^4.5.3"
      }
    }
  }
}
